
Microsoft Visual Studio Solution File, Format Version 12.00
# Visual Studio 2015
Project("{FAE04EC0-301F-11D3-BF4B-00C04F79EFBC}") = "GED2-Assignment2", "GED2-Assignment2.csproj", "{D8C7FCA8-C264-F538-EA13-F8B2FCFE03DA}"
EndProject
Project("{FAE04EC0-301F-11D3-BF4B-00C04F79EFBC}") = "GED2-Assignment2.Editor", "GED2-Assignment2.Editor.csproj", "{710F5291-23A4-5CA2-FEEA-2673538E2A93}"
EndProject
Global
	GlobalSection(SolutionConfigurationPlatforms) = preSolution
		Debug|Any CPU = Debug|Any CPU
		Release|Any CPU = Release|Any CPU
	EndGlobalSection
	GlobalSection(ProjectConfigurationPlatforms) = postSolution
		{D8C7FCA8-C264-F538-EA13-F8B2FCFE03DA}.Debug|Any CPU.ActiveCfg = Debug|Any CPU
		{D8C7FCA8-C264-F538-EA13-F8B2FCFE03DA}.Debug|Any CPU.Build.0 = Debug|Any CPU
		{D8C7FCA8-C264-F538-EA13-F8B2FCFE03DA}.Release|Any CPU.ActiveCfg = Release|Any CPU
		{D8C7FCA8-C264-F538-EA13-F8B2FCFE03DA}.Release|Any CPU.Build.0 = Release|Any CPU
		{710F5291-23A4-5CA2-FEEA-2673538E2A93}.Debug|Any CPU.ActiveCfg = Debug|Any CPU
		{710F5291-23A4-5CA2-FEEA-2673538E2A93}.Debug|Any CPU.Build.0 = Debug|Any CPU
		{710F5291-23A4-5CA2-FEEA-2673538E2A93}.Release|Any CPU.ActiveCfg = Release|Any CPU
		{710F5291-23A4-5CA2-FEEA-2673538E2A93}.Release|Any CPU.Build.0 = Release|Any CPU
	EndGlobalSection
	GlobalSection(SolutionProperties) = preSolution
		HideSolutionNode = FALSE
	EndGlobalSection
EndGlobal
